
Microsoft Visual Studio Solution File, Format Version 12.00
# Visual Studio Version 17
VisualStudioVersion = 17.7.34024.191
MinimumVisualStudioVersion = 10.0.40219.1
Project("{9A19103F-16F7-4668-BE54-9A1E7A4F7556}") = "MobiStore", "MobiStore.csproj", "{DE8E27B4-F198-4B3B-9295-2E630B44BEEF}"
EndProject
Project("{2150E333-8FDC-42A3-9474-1A3956D46DE8}") = "Itens de Solução", "Itens de Solução", "{C2D23C8D-D90D-48D0-BBDE-0326C43FB456}"
	ProjectSection(SolutionItems) = preProject
		TextFile1.txt = TextFile1.txt
	EndProjectSection
EndProject
Global
	GlobalSection(SolutionConfigurationPlatforms) = preSolution
		Debug|Any CPU = Debug|Any CPU
		Release|Any CPU = Release|Any CPU
	EndGlobalSection
	GlobalSection(ProjectConfigurationPlatforms) = postSolution
		{DE8E27B4-F198-4B3B-9295-2E630B44BEEF}.Debug|Any CPU.ActiveCfg = Debug|Any CPU
		{DE8E27B4-F198-4B3B-9295-2E630B44BEEF}.Debug|Any CPU.Build.0 = Debug|Any CPU
		{DE8E27B4-F198-4B3B-9295-2E630B44BEEF}.Release|Any CPU.ActiveCfg = Release|Any CPU
		{DE8E27B4-F198-4B3B-9295-2E630B44BEEF}.Release|Any CPU.Build.0 = Release|Any CPU
	EndGlobalSection
	GlobalSection(SolutionProperties) = preSolution
		HideSolutionNode = FALSE
	EndGlobalSection
	GlobalSection(ExtensibilityGlobals) = postSolution
		SolutionGuid = {6279B27B-48DB-41F4-9C97-CE02E4083488}
	EndGlobalSection
EndGlobal
